// !$*UTF8*$!
{
	archiveVersion = 1;
	classes = {
	};
	objectVersion = 52;
	objects = {

/* Begin PBXBuildFile section */
		76E09BF6259968470073FC36 /* C19GraphsApp.swift in Sources */ = {isa = PBXBuildFile; fileRef = 76E09BF5259968470073FC36 /* C19GraphsApp.swift */; };
		76E09BF8259968470073FC36 /* ContentView.swift in Sources */ = {isa = PBXBuildFile; fileRef = 76E09BF7259968470073FC36 /* ContentView.swift */; };
		76E09BFA259968470073FC36 /* Assets.xcassets in Resources */ = {isa = PBXBuildFile; fileRef = 76E09BF9259968470073FC36 /* Assets.xcassets */; };
		76E09BFD259968470073FC36 /* Preview Assets.xcassets in Resources */ = {isa = PBXBuildFile; fileRef = 76E09BFC259968470073FC36 /* Preview Assets.xcassets */; };
		76E09C0B25996C2C0073FC36 /* Shapes in Frameworks */ = {isa = PBXBuildFile; productRef = 76E09C0A25996C2C0073FC36 /* Shapes */; };
		76E09C0E259970D70073FC36 /* C19CountryData.swift in Sources */ = {isa = PBXBuildFile; fileRef = 76E09C0D259970D70073FC36 /* C19CountryData.swift */; };
		76E09C112599713A0073FC36 /* WorldPopulation.swift in Sources */ = {isa = PBXBuildFile; fileRef = 76E09C102599713A0073FC36 /* WorldPopulation.swift */; };
/* End PBXBuildFile section */

/* Begin PBXFileReference section */
		76E09BF2259968470073FC36 /* C19Graphs.app */ = {isa = PBXFileReference; explicitFileType = wrapper.application; includeInIndex = 0; path = C19Graphs.app; sourceTree = BUILT_PRODUCTS_DIR; };
		76E09BF5259968470073FC36 /* C19GraphsApp.swift */ = {isa = PBXFileReference; lastKnownFileType = sourcecode.swift; path = C19GraphsApp.swift; sourceTree = "<group>"; };
		76E09BF7259968470073FC36 /* ContentView.swift */ = {isa = PBXFileReference; lastKnownFileType = sourcecode.swift; path = ContentView.swift; sourceTree = "<group>"; };
		76E09BF9259968470073FC36 /* Assets.xcassets */ = {isa = PBXFileReference; lastKnownFileType = folder.assetcatalog; path = Assets.xcassets; sourceTree = "<group>"; };
		76E09BFC259968470073FC36 /* Preview Assets.xcassets */ = {isa = PBXFileReference; lastKnownFileType = folder.assetcatalog; path = "Preview Assets.xcassets"; sourceTree = "<group>"; };
		76E09BFE259968470073FC36 /* Info.plist */ = {isa = PBXFileReference; lastKnownFileType = text.plist.xml; path = Info.plist; sourceTree = "<group>"; };
		76E09C0D259970D70073FC36 /* C19CountryData.swift */ = {isa = PBXFileReference; lastKnownFileType = sourcecode.swift; path = C19CountryData.swift; sourceTree = "<group>"; };
		76E09C102599713A0073FC36 /* WorldPopulation.swift */ = {isa = PBXFileReference; lastKnownFileType = sourcecode.swift; path = WorldPopulation.swift; sourceTree = "<group>"; };
/* End PBXFileReference section */

/* Begin PBXFrameworksBuildPhase section */
		76E09BEF259968470073FC36 /* Frameworks */ = {
			isa = PBXFrameworksBuildPhase;
			buildActionMask = 2147483647;
			files = (
				76E09C0B25996C2C0073FC36 /* Shapes in Frameworks */,
			);
			runOnlyForDeploymentPostprocessing = 0;
		};
/* End PBXFrameworksBuildPhase section */

/* Begin PBXGroup section */
		76E09BE9259968470073FC36 = {
			isa = PBXGroup;
			children = (
				76E09BF4259968470073FC36 /* C19Graphs */,
				76E09BF3259968470073FC36 /* Products */,
			);
			sourceTree = "<group>";
		};
		76E09BF3259968470073FC36 /* Products */ = {
			isa = PBXGroup;
			children = (
				76E09BF2259968470073FC36 /* C19Graphs.app */,
			);
			name = Products;
			sourceTree = "<group>";
		};
		76E09BF4259968470073FC36 /* C19Graphs */ = {
			isa = PBXGroup;
			children = (
				76E09C07259969160073FC36 /* Common */,
				76E09C06259969000073FC36 /* Views */,
				76E09C05259968E60073FC36 /* Models */,
				76E09BF5259968470073FC36 /* C19GraphsApp.swift */,
				76E09BF9259968470073FC36 /* Assets.xcassets */,
				76E09BFE259968470073FC36 /* Info.plist */,
				76E09BFB259968470073FC36 /* Preview Content */,
			);
			path = C19Graphs;
			sourceTree = "<group>";
		};
		76E09BFB259968470073FC36 /* Preview Content */ = {
			isa = PBXGroup;
			children = (
				76E09BFC259968470073FC36 /* Preview Assets.xcassets */,
			);
			path = "Preview Content";
			sourceTree = "<group>";
		};
		76E09C05259968E60073FC36 /* Models */ = {
			isa = PBXGroup;
			children = (
				76E09C0D259970D70073FC36 /* C19CountryData.swift */,
				76E09C102599713A0073FC36 /* WorldPopulation.swift */,
			);
			path = Models;
			sourceTree = "<group>";
		};
		76E09C06259969000073FC36 /* Views */ = {
			isa = PBXGroup;
			children = (
				76E09BF7259968470073FC36 /* ContentView.swift */,
			);
			path = Views;
			sourceTree = "<group>";
		};
		76E09C07259969160073FC36 /* Common */ = {
			isa = PBXGroup;
			children = (
			);
			path = Common;
			sourceTree = "<group>";
		};
/* End PBXGroup section */

/* Begin PBXNativeTarget section */
		76E09BF1259968470073FC36 /* C19Graphs */ = {
			isa = PBXNativeTarget;
			buildConfigurationList = 76E09C01259968470073FC36 /* Build configuration list for PBXNativeTarget "C19Graphs" */;
			buildPhases = (
				76E09BEE259968470073FC36 /* Sources */,
				76E09BEF259968470073FC36 /* Frameworks */,
				76E09BF0259968470073FC36 /* Resources */,
			);
			buildRules = (
			);
			dependencies = (
			);
			name = C19Graphs;
			packageProductDependencies = (
				76E09C0A25996C2C0073FC36 /* Shapes */,
			);
			productName = C19Graphs;
			productReference = 76E09BF2259968470073FC36 /* C19Graphs.app */;
			productType = "com.apple.product-type.application";
		};
/* End PBXNativeTarget section */

/* Begin PBXProject section */
		76E09BEA259968470073FC36 /* Project object */ = {
			isa = PBXProject;
			attributes = {
				LastSwiftUpdateCheck = 1230;
				LastUpgradeCheck = 1230;
				TargetAttributes = {
					76E09BF1259968470073FC36 = {
						CreatedOnToolsVersion = 12.3;
					};
				};
			};
			buildConfigurationList = 76E09BED259968470073FC36 /* Build configuration list for PBXProject "C19Graphs" */;
			compatibilityVersion = "Xcode 9.3";
			developmentRegion = en;
			hasScannedForEncodings = 0;
			knownRegions = (
				en,
				Base,
			);
			mainGroup = 76E09BE9259968470073FC36;
			packageReferences = (
				76E09C0925996C2C0073FC36 /* XCRemoteSwiftPackageReference "swiftui-shapes" */,
			);
			productRefGroup = 76E09BF3259968470073FC36 /* Products */;
			projectDirPath = "";
			projectRoot = "";
			targets = (
				76E09BF1259968470073FC36 /* C19Graphs */,
			);
		};
/* End PBXProject section */

/* Begin PBXResourcesBuildPhase section */
		76E09BF0259968470073FC36 /* Resources */ = {
			isa = PBXResourcesBuildPhase;
			buildActionMask = 2147483647;
			files = (
				76E09BFD259968470073FC36 /* Preview Assets.xcassets in Resources */,
				76E09BFA259968470073FC36 /* Assets.xcassets in Resources */,
			);
			runOnlyForDeploymentPostprocessing = 0;
		};
/* End PBXResourcesBuildPhase section */

/* Begin PBXSourcesBuildPhase section */
		76E09BEE259968470073FC36 /* Sources */ = {
			isa = PBXSourcesBuildPhase;
			buildActionMask = 2147483647;
			files = (
				76E09BF8259968470073FC36 /* ContentView.swift in Sources */,
				76E09BF6259968470073FC36 /* C19GraphsApp.swift in Sources */,
				76E09C0E259970D70073FC36 /* C19CountryData.swift in Sources */,
				76E09C112599713A0073FC36 /* WorldPopulation.swift in Sources */,
			);
			runOnlyForDeploymentPostprocessing = 0;
		};
/* End PBXSourcesBuildPhase section */

/* Begin XCBuildConfiguration section */
		76E09BFF259968470073FC36 /* Debug */ = {
			isa = XCBuildConfiguration;
			buildSettings = {
				ALWAYS_SEARCH_USER_PATHS = NO;
				CLANG_ANALYZER_NONNULL = YES;
				CLANG_ANALYZER_NUMBER_OBJECT_CONVERSION = YES_AGGRESSIVE;
				CLANG_CXX_LANGUAGE_STANDARD = "gnu++14";
				CLANG_CXX_LIBRARY = "libc++";
				CLANG_ENABLE_MODULES = YES;
				CLANG_ENABLE_OBJC_ARC = YES;
				CLANG_ENABLE_OBJC_WEAK = YES;
				CLANG_WARN_BLOCK_CAPTURE_AUTORELEASING = YES;
				CLANG_WARN_BOOL_CONVERSION = YES;
				CLANG_WARN_COMMA = YES;
				CLANG_WARN_CONSTANT_CONVERSION = YES;
				CLANG_WARN_DEPRECATED_OBJC_IMPLEMENTATIONS = YES;
				CLANG_WARN_DIRECT_OBJC_ISA_USAGE = YES_ERROR;
				CLANG_WARN_DOCUMENTATION_COMMENTS = YES;
				CLANG_WARN_EMPTY_BODY = YES;
				CLANG_WARN_ENUM_CONVERSION = YES;
				CLANG_WARN_INFINITE_RECURSION = YES;
				CLANG_WARN_INT_CONVERSION = YES;
				CLANG_WARN_NON_LITERAL_NULL_CONVERSION = YES;
				CLANG_WARN_OBJC_IMPLICIT_RETAIN_SELF = YES;
				CLANG_WARN_OBJC_LITERAL_CONVERSION = YES;
				CLANG_WARN_OBJC_ROOT_CLASS = YES_ERROR;
				CLANG_WARN_QUOTED_INCLUDE_IN_FRAMEWORK_HEADER = YES;
				CLANG_WARN_RANGE_LOOP_ANALYSIS = YES;
				CLANG_WARN_STRICT_PROTOTYPES = YES;
				CLANG_WARN_SUSPICIOUS_MOVE = YES;
				CLANG_WARN_UNGUARDED_AVAILABILITY = YES_AGGRESSIVE;
				CLANG_WARN_UNREACHABLE_CODE = YES;
				CLANG_WARN__DUPLICATE_METHOD_MATCH = YES;
				COPY_PHASE_STRIP = NO;
				DEBUG_INFORMATION_FORMAT = dwarf;
				ENABLE_STRICT_OBJC_MSGSEND = YES;
				ENABLE_TESTABILITY = YES;
				GCC_C_LANGUAGE_STANDARD = gnu11;
				GCC_DYNAMIC_NO_PIC = NO;
				GCC_NO_COMMON_BLOCKS = YES;
				GCC_OPTIMIZATION_LEVEL = 0;
				GCC_PREPROCESSOR_DEFINITIONS = (
					"DEBUG=1",
					"$(inherited)",
				);
				GCC_WARN_64_TO_32_BIT_CONVERSION = YES;
				GCC_WARN_ABOUT_RETURN_TYPE = YES_ERROR;
				GCC_WARN_UNDECLARED_SELECTOR = YES;
				GCC_WARN_UNINITIALIZED_AUTOS = YES_AGGRESSIVE;
				GCC_WARN_UNUSED_FUNCTION = YES;
				GCC_WARN_UNUSED_VARIABLE = YES;
				IPHONEOS_DEPLOYMENT_TARGET = 14.3;
				MTL_ENABLE_DEBUG_INFO = INCLUDE_SOURCE;
				MTL_FAST_MATH = YES;
				ONLY_ACTIVE_ARCH = YES;
				SDKROOT = iphoneos;
				SWIFT_ACTIVE_COMPILATION_CONDITIONS = DEBUG;
				SWIFT_OPTIMIZATION_LEVEL = "-Onone";
			};
			name = Debug;
		};
		76E09C00259968470073FC36 /* Release */ = {
			isa = XCBuildConfiguration;
			buildSettings = {
				ALWAYS_SEARCH_USER_PATHS = NO;
				CLANG_ANALYZER_NONNULL = YES;
				CLANG_ANALYZER_NUMBER_OBJECT_CONVERSION = YES_AGGRESSIVE;
				CLANG_CXX_LANGUAGE_STANDARD = "gnu++14";
				CLANG_CXX_LIBRARY = "libc++";
				CLANG_ENABLE_MODULES = YES;
				CLANG_ENABLE_OBJC_ARC = YES;
				CLANG_ENABLE_OBJC_WEAK = YES;
				CLANG_WARN_BLOCK_CAPTURE_AUTORELEASING = YES;
				CLANG_WARN_BOOL_CONVERSION = YES;
				CLANG_WARN_COMMA = YES;
				CLANG_WARN_CONSTANT_CONVERSION = YES;
				CLANG_WARN_DEPRECATED_OBJC_IMPLEMENTATIONS = YES;
				CLANG_WARN_DIRECT_OBJC_ISA_USAGE = YES_ERROR;
				CLANG_WARN_DOCUMENTATION_COMMENTS = YES;
				CLANG_WARN_EMPTY_BODY = YES;
				CLANG_WARN_ENUM_CONVERSION = YES;
				CLANG_WARN_INFINITE_RECURSION = YES;
				CLANG_WARN_INT_CONVERSION = YES;
				CLANG_WARN_NON_LITERAL_NULL_CONVERSION = YES;
				CLANG_WARN_OBJC_IMPLICIT_RETAIN_SELF = YES;
				CLANG_WARN_OBJC_LITERAL_CONVERSION = YES;
				CLANG_WARN_OBJC_ROOT_CLASS = YES_ERROR;
				CLANG_WARN_QUOTED_INCLUDE_IN_FRAMEWORK_HEADER = YES;
				CLANG_WARN_RANGE_LOOP_ANALYSIS = YES;
				CLANG_WARN_STRICT_PROTOTYPES = YES;
				CLANG_WARN_SUSPICIOUS_MOVE = YES;
				CLANG_WARN_UNGUARDED_AVAILABILITY = YES_AGGRESSIVE;
				CLANG_WARN_UNREACHABLE_CODE = YES;
				CLANG_WARN__DUPLICATE_METHOD_MATCH = YES;
				COPY_PHASE_STRIP = NO;
				DEBUG_INFORMATION_FORMAT = "dwarf-with-dsym";
				ENABLE_NS_ASSERTIONS = NO;
				ENABLE_STRICT_OBJC_MSGSEND = YES;
				GCC_C_LANGUAGE_STANDARD = gnu11;
				GCC_NO_COMMON_BLOCKS = YES;
				GCC_WARN_64_TO_32_BIT_CONVERSION = YES;
				GCC_WARN_ABOUT_RETURN_TYPE = YES_ERROR;
				GCC_WARN_UNDECLARED_SELECTOR = YES;
				GCC_WARN_UNINITIALIZED_AUTOS = YES_AGGRESSIVE;
				GCC_WARN_UNUSED_FUNCTION = YES;
				GCC_WARN_UNUSED_VARIABLE = YES;
				IPHONEOS_DEPLOYMENT_TARGET = 14.3;
				MTL_ENABLE_DEBUG_INFO = NO;
				MTL_FAST_MATH = YES;
				SDKROOT = iphoneos;
				SWIFT_COMPILATION_MODE = wholemodule;
				SWIFT_OPTIMIZATION_LEVEL = "-O";
				VALIDATE_PRODUCT = YES;
			};
			name = Release;
		};
		76E09C02259968470073FC36 /* Debug */ = {
			isa = XCBuildConfiguration;
			buildSettings = {
				ASSETCATALOG_COMPILER_APPICON_NAME = AppIcon;
				ASSETCATALOG_COMPILER_GLOBAL_ACCENT_COLOR_NAME = AccentColor;
				CODE_SIGN_STYLE = Automatic;
				DEVELOPMENT_ASSET_PATHS = "\"C19Graphs/Preview Content\"";
				DEVELOPMENT_TEAM = 2EWZNQ6V4C;
				ENABLE_PREVIEWS = YES;
				INFOPLIST_FILE = C19Graphs/Info.plist;
				IPHONEOS_DEPLOYMENT_TARGET = 14.0;
				LD_RUNPATH_SEARCH_PATHS = (
					"$(inherited)",
					"@executable_path/Frameworks",
				);
				PRODUCT_BUNDLE_IDENTIFIER = ca.jphart.C19Graphs;
				PRODUCT_NAME = "$(TARGET_NAME)";
				SWIFT_VERSION = 5.0;
				TARGETED_DEVICE_FAMILY = "1,2";
			};
			name = Debug;
		};
		76E09C03259968470073FC36 /* Release */ = {
			isa = XCBuildConfiguration;
			buildSettings = {
				ASSETCATALOG_COMPILER_APPICON_NAME = AppIcon;
				ASSETCATALOG_COMPILER_GLOBAL_ACCENT_COLOR_NAME = AccentColor;
				CODE_SIGN_STYLE = Automatic;
				DEVELOPMENT_ASSET_PATHS = "\"C19Graphs/Preview Content\"";
				DEVELOPMENT_TEAM = 2EWZNQ6V4C;
				ENABLE_PREVIEWS = YES;
				INFOPLIST_FILE = C19Graphs/Info.plist;
				IPHONEOS_DEPLOYMENT_TARGET = 14.0;
				LD_RUNPATH_SEARCH_PATHS = (
					"$(inherited)",
					"@executable_path/Frameworks",
				);
				PRODUCT_BUNDLE_IDENTIFIER = ca.jphart.C19Graphs;
				PRODUCT_NAME = "$(TARGET_NAME)";
				SWIFT_VERSION = 5.0;
				TARGETED_DEVICE_FAMILY = "1,2";
			};
			name = Release;
		};
/* End XCBuildConfiguration section */

/* Begin XCConfigurationList section */
		76E09BED259968470073FC36 /* Build configuration list for PBXProject "C19Graphs" */ = {
			isa = XCConfigurationList;
			buildConfigurations = (
				76E09BFF259968470073FC36 /* Debug */,
				76E09C00259968470073FC36 /* Release */,
			);
			defaultConfigurationIsVisible = 0;
			defaultConfigurationName = Release;
		};
		76E09C01259968470073FC36 /* Build configuration list for PBXNativeTarget "C19Graphs" */ = {
			isa = XCConfigurationList;
			buildConfigurations = (
				76E09C02259968470073FC36 /* Debug */,
				76E09C03259968470073FC36 /* Release */,
			);
			defaultConfigurationIsVisible = 0;
			defaultConfigurationName = Release;
		};
/* End XCConfigurationList section */

/* Begin XCRemoteSwiftPackageReference section */
		76E09C0925996C2C0073FC36 /* XCRemoteSwiftPackageReference "swiftui-shapes" */ = {
			isa = XCRemoteSwiftPackageReference;
			repositoryURL = "https://github.com/swift-extensions/swiftui-shapes.git";
			requirement = {
				kind = upToNextMajorVersion;
				minimumVersion = 1.1.0;
			};
		};
/* End XCRemoteSwiftPackageReference section */

/* Begin XCSwiftPackageProductDependency section */
		76E09C0A25996C2C0073FC36 /* Shapes */ = {
			isa = XCSwiftPackageProductDependency;
			package = 76E09C0925996C2C0073FC36 /* XCRemoteSwiftPackageReference "swiftui-shapes" */;
			productName = Shapes;
		};
/* End XCSwiftPackageProductDependency section */
	};
	rootObject = 76E09BEA259968470073FC36 /* Project object */;
}
